// !$*UTF8*$!
{
	archiveVersion = 1;
	classes = {
	};
	objectVersion = 48;
	objects = {

/* Begin PBXBuildFile section */
		2C7E204E20BDBEC1009457AB /* GoogleService-Info.plist in Resources */ = {isa = PBXBuildFile; fileRef = 2C7E204D20BDBEC1009457AB /* GoogleService-Info.plist */; };
		2C7E205520BDC254009457AB /* Util+Storyboard.swift in Sources */ = {isa = PBXBuildFile; fileRef = 2C7E205220BDC254009457AB /* Util+Storyboard.swift */; };
		2C7E205620BDC254009457AB /* Util+UIAlertController.swift in Sources */ = {isa = PBXBuildFile; fileRef = 2C7E205320BDC254009457AB /* Util+UIAlertController.swift */; };
		2C7E205720BDC254009457AB /* Util.swift in Sources */ = {isa = PBXBuildFile; fileRef = 2C7E205420BDC254009457AB /* Util.swift */; };
		2C7E205920BDC294009457AB /* Constants.swift in Sources */ = {isa = PBXBuildFile; fileRef = 2C7E205820BDC293009457AB /* Constants.swift */; };
		2C7E205B20BDC2E6009457AB /* Util+UserDefaults.swift in Sources */ = {isa = PBXBuildFile; fileRef = 2C7E205A20BDC2E6009457AB /* Util+UserDefaults.swift */; };
		2C7E205E20BDC5FC009457AB /* UIApplication+Extension.swift in Sources */ = {isa = PBXBuildFile; fileRef = 2C7E205D20BDC5FB009457AB /* UIApplication+Extension.swift */; };
		2C7E206120BDC7E8009457AB /* Kitchen.storyboard in Resources */ = {isa = PBXBuildFile; fileRef = 2C7E206020BDC7E8009457AB /* Kitchen.storyboard */; };
		2C7E206520BDC948009457AB /* AddDish.storyboard in Resources */ = {isa = PBXBuildFile; fileRef = 2C7E206420BDC948009457AB /* AddDish.storyboard */; };
		2C7E206720BDF135009457AB /* SellerHomeViewController+TableView.swift in Sources */ = {isa = PBXBuildFile; fileRef = 2C7E206620BDF135009457AB /* SellerHomeViewController+TableView.swift */; };
		2C7E206920BDF1C9009457AB /* UITableView+Extensions.swift in Sources */ = {isa = PBXBuildFile; fileRef = 2C7E206820BDF1C9009457AB /* UITableView+Extensions.swift */; };
		2C7E206C20BDF1E6009457AB /* DishTableViewCell.swift in Sources */ = {isa = PBXBuildFile; fileRef = 2C7E206A20BDF1E6009457AB /* DishTableViewCell.swift */; };
		2C7E206D20BDF1E6009457AB /* DishTableViewCell.xib in Resources */ = {isa = PBXBuildFile; fileRef = 2C7E206B20BDF1E6009457AB /* DishTableViewCell.xib */; };
		5C34BD6B20BE571600AE6A72 /* SignUpViewController.swift in Sources */ = {isa = PBXBuildFile; fileRef = 5C34BD6A20BE571600AE6A72 /* SignUpViewController.swift */; };
		5C34BD6E20BE5DA500AE6A72 /* SignUpHelper.swift in Sources */ = {isa = PBXBuildFile; fileRef = 5C34BD6D20BE5DA500AE6A72 /* SignUpHelper.swift */; };
		5C34BD7020BE61C400AE6A72 /* ScrollView+Extension.swift in Sources */ = {isa = PBXBuildFile; fileRef = 5C34BD6F20BE61C400AE6A72 /* ScrollView+Extension.swift */; };
		5C3F084120B61F4B003AC6FB /* AppDelegate.swift in Sources */ = {isa = PBXBuildFile; fileRef = 5C3F084020B61F4B003AC6FB /* AppDelegate.swift */; };
		5C3F084320B61F4B003AC6FB /* LoginViewController.swift in Sources */ = {isa = PBXBuildFile; fileRef = 5C3F084220B61F4B003AC6FB /* LoginViewController.swift */; };
		5C3F084620B61F4B003AC6FB /* Main.storyboard in Resources */ = {isa = PBXBuildFile; fileRef = 5C3F084420B61F4B003AC6FB /* Main.storyboard */; };
		5C3F084820B61F4B003AC6FB /* Assets.xcassets in Resources */ = {isa = PBXBuildFile; fileRef = 5C3F084720B61F4B003AC6FB /* Assets.xcassets */; };
		5C3F084B20B61F4B003AC6FB /* LaunchScreen.storyboard in Resources */ = {isa = PBXBuildFile; fileRef = 5C3F084920B61F4B003AC6FB /* LaunchScreen.storyboard */; };
		5C3F085620B61F4B003AC6FB /* iCookTests.swift in Sources */ = {isa = PBXBuildFile; fileRef = 5C3F085520B61F4B003AC6FB /* iCookTests.swift */; };
		5C3F086120B61F4B003AC6FB /* iCookUITests.swift in Sources */ = {isa = PBXBuildFile; fileRef = 5C3F086020B61F4B003AC6FB /* iCookUITests.swift */; };
		5C3F087020B621CF003AC6FB /* SellerHomeViewController.swift in Sources */ = {isa = PBXBuildFile; fileRef = 5C3F086F20B621CF003AC6FB /* SellerHomeViewController.swift */; };
		5C3F087220B64023003AC6FB /* SellerShopViewController.swift in Sources */ = {isa = PBXBuildFile; fileRef = 5C3F087120B64023003AC6FB /* SellerShopViewController.swift */; };
		5C3F087420B67372003AC6FB /* SellerAddDishViewController.swift in Sources */ = {isa = PBXBuildFile; fileRef = 5C3F087320B67372003AC6FB /* SellerAddDishViewController.swift */; };
		5CBFBBEA20BDE9F100D2BF99 /* SellerHome.storyboard in Resources */ = {isa = PBXBuildFile; fileRef = 5CBFBBE920BDE9F100D2BF99 /* SellerHome.storyboard */; };
		64BDAC5A09FCC24B81F75584 /* Pods_iCook.framework in Frameworks */ = {isa = PBXBuildFile; fileRef = FDCCC8D87278434D9FB3F546 /* Pods_iCook.framework */; };
		711820D9357F60C9EB4985B9 /* Pods_iCookTests.framework in Frameworks */ = {isa = PBXBuildFile; fileRef = CEC213F9AC56CE35C1B5E596 /* Pods_iCookTests.framework */; };
		E75EEB462B75A84AE17F82DF /* Pods_iCookUITests.framework in Frameworks */ = {isa = PBXBuildFile; fileRef = 7E6E98B515296AD141F7C622 /* Pods_iCookUITests.framework */; };
/* End PBXBuildFile section */

/* Begin PBXContainerItemProxy section */
		5C3F085220B61F4B003AC6FB /* PBXContainerItemProxy */ = {
			isa = PBXContainerItemProxy;
			containerPortal = 5C3F083520B61F4B003AC6FB /* Project object */;
			proxyType = 1;
			remoteGlobalIDString = 5C3F083C20B61F4B003AC6FB;
			remoteInfo = iCook;
		};
		5C3F085D20B61F4B003AC6FB /* PBXContainerItemProxy */ = {
			isa = PBXContainerItemProxy;
			containerPortal = 5C3F083520B61F4B003AC6FB /* Project object */;
			proxyType = 1;
			remoteGlobalIDString = 5C3F083C20B61F4B003AC6FB;
			remoteInfo = iCook;
		};
/* End PBXContainerItemProxy section */

/* Begin PBXFileReference section */
		0A28D914B9C36AD28B1E8686 /* Pods-iCookTests.release.xcconfig */ = {isa = PBXFileReference; includeInIndex = 1; lastKnownFileType = text.xcconfig; name = "Pods-iCookTests.release.xcconfig"; path = "Pods/Target Support Files/Pods-iCookTests/Pods-iCookTests.release.xcconfig"; sourceTree = "<group>"; };
		2C7E204D20BDBEC1009457AB /* GoogleService-Info.plist */ = {isa = PBXFileReference; fileEncoding = 4; lastKnownFileType = text.plist.xml; path = "GoogleService-Info.plist"; sourceTree = "<group>"; };
		2C7E205220BDC254009457AB /* Util+Storyboard.swift */ = {isa = PBXFileReference; fileEncoding = 4; lastKnownFileType = sourcecode.swift; path = "Util+Storyboard.swift"; sourceTree = "<group>"; };
		2C7E205320BDC254009457AB /* Util+UIAlertController.swift */ = {isa = PBXFileReference; fileEncoding = 4; lastKnownFileType = sourcecode.swift; path = "Util+UIAlertController.swift"; sourceTree = "<group>"; };
		2C7E205420BDC254009457AB /* Util.swift */ = {isa = PBXFileReference; fileEncoding = 4; lastKnownFileType = sourcecode.swift; path = Util.swift; sourceTree = "<group>"; };
		2C7E205820BDC293009457AB /* Constants.swift */ = {isa = PBXFileReference; fileEncoding = 4; lastKnownFileType = sourcecode.swift; path = Constants.swift; sourceTree = "<group>"; };
		2C7E205A20BDC2E6009457AB /* Util+UserDefaults.swift */ = {isa = PBXFileReference; fileEncoding = 4; lastKnownFileType = sourcecode.swift; path = "Util+UserDefaults.swift"; sourceTree = "<group>"; };
		2C7E205D20BDC5FB009457AB /* UIApplication+Extension.swift */ = {isa = PBXFileReference; fileEncoding = 4; lastKnownFileType = sourcecode.swift; path = "UIApplication+Extension.swift"; sourceTree = "<group>"; };
		2C7E206020BDC7E8009457AB /* Kitchen.storyboard */ = {isa = PBXFileReference; fileEncoding = 4; lastKnownFileType = file.storyboard; path = Kitchen.storyboard; sourceTree = "<group>"; };
		2C7E206420BDC948009457AB /* AddDish.storyboard */ = {isa = PBXFileReference; fileEncoding = 4; lastKnownFileType = file.storyboard; path = AddDish.storyboard; sourceTree = "<group>"; };
		2C7E206620BDF135009457AB /* SellerHomeViewController+TableView.swift */ = {isa = PBXFileReference; lastKnownFileType = sourcecode.swift; path = "SellerHomeViewController+TableView.swift"; sourceTree = "<group>"; };
		2C7E206820BDF1C9009457AB /* UITableView+Extensions.swift */ = {isa = PBXFileReference; fileEncoding = 4; lastKnownFileType = sourcecode.swift; path = "UITableView+Extensions.swift"; sourceTree = "<group>"; };
		2C7E206A20BDF1E6009457AB /* DishTableViewCell.swift */ = {isa = PBXFileReference; lastKnownFileType = sourcecode.swift; path = DishTableViewCell.swift; sourceTree = "<group>"; };
		2C7E206B20BDF1E6009457AB /* DishTableViewCell.xib */ = {isa = PBXFileReference; lastKnownFileType = file.xib; path = DishTableViewCell.xib; sourceTree = "<group>"; };
		31555FEFAF395A1530002445 /* Pods-iCook.debug.xcconfig */ = {isa = PBXFileReference; includeInIndex = 1; lastKnownFileType = text.xcconfig; name = "Pods-iCook.debug.xcconfig"; path = "Pods/Target Support Files/Pods-iCook/Pods-iCook.debug.xcconfig"; sourceTree = "<group>"; };
		5C34BD6A20BE571600AE6A72 /* SignUpViewController.swift */ = {isa = PBXFileReference; lastKnownFileType = sourcecode.swift; path = SignUpViewController.swift; sourceTree = "<group>"; };
		5C34BD6D20BE5DA500AE6A72 /* SignUpHelper.swift */ = {isa = PBXFileReference; lastKnownFileType = sourcecode.swift; path = SignUpHelper.swift; sourceTree = "<group>"; };
		5C34BD6F20BE61C400AE6A72 /* ScrollView+Extension.swift */ = {isa = PBXFileReference; lastKnownFileType = sourcecode.swift; path = "ScrollView+Extension.swift"; sourceTree = "<group>"; };
		5C3F083D20B61F4B003AC6FB /* iCook.app */ = {isa = PBXFileReference; explicitFileType = wrapper.application; includeInIndex = 0; path = iCook.app; sourceTree = BUILT_PRODUCTS_DIR; };
		5C3F084020B61F4B003AC6FB /* AppDelegate.swift */ = {isa = PBXFileReference; lastKnownFileType = sourcecode.swift; path = AppDelegate.swift; sourceTree = "<group>"; };
		5C3F084220B61F4B003AC6FB /* LoginViewController.swift */ = {isa = PBXFileReference; lastKnownFileType = sourcecode.swift; path = LoginViewController.swift; sourceTree = "<group>"; };
		5C3F084520B61F4B003AC6FB /* Base */ = {isa = PBXFileReference; lastKnownFileType = file.storyboard; name = Base; path = Base.lproj/Main.storyboard; sourceTree = "<group>"; };
		5C3F084720B61F4B003AC6FB /* Assets.xcassets */ = {isa = PBXFileReference; lastKnownFileType = folder.assetcatalog; path = Assets.xcassets; sourceTree = "<group>"; };
		5C3F084A20B61F4B003AC6FB /* Base */ = {isa = PBXFileReference; lastKnownFileType = file.storyboard; name = Base; path = Base.lproj/LaunchScreen.storyboard; sourceTree = "<group>"; };
		5C3F084C20B61F4B003AC6FB /* Info.plist */ = {isa = PBXFileReference; lastKnownFileType = text.plist.xml; path = Info.plist; sourceTree = "<group>"; };
		5C3F085120B61F4B003AC6FB /* iCookTests.xctest */ = {isa = PBXFileReference; explicitFileType = wrapper.cfbundle; includeInIndex = 0; path = iCookTests.xctest; sourceTree = BUILT_PRODUCTS_DIR; };
		5C3F085520B61F4B003AC6FB /* iCookTests.swift */ = {isa = PBXFileReference; lastKnownFileType = sourcecode.swift; path = iCookTests.swift; sourceTree = "<group>"; };
		5C3F085720B61F4B003AC6FB /* Info.plist */ = {isa = PBXFileReference; lastKnownFileType = text.plist.xml; path = Info.plist; sourceTree = "<group>"; };
		5C3F085C20B61F4B003AC6FB /* iCookUITests.xctest */ = {isa = PBXFileReference; explicitFileType = wrapper.cfbundle; includeInIndex = 0; path = iCookUITests.xctest; sourceTree = BUILT_PRODUCTS_DIR; };
		5C3F086020B61F4B003AC6FB /* iCookUITests.swift */ = {isa = PBXFileReference; lastKnownFileType = sourcecode.swift; path = iCookUITests.swift; sourceTree = "<group>"; };
		5C3F086220B61F4B003AC6FB /* Info.plist */ = {isa = PBXFileReference; lastKnownFileType = text.plist.xml; path = Info.plist; sourceTree = "<group>"; };
		5C3F086F20B621CF003AC6FB /* SellerHomeViewController.swift */ = {isa = PBXFileReference; lastKnownFileType = sourcecode.swift; path = SellerHomeViewController.swift; sourceTree = "<group>"; };
		5C3F087120B64023003AC6FB /* SellerShopViewController.swift */ = {isa = PBXFileReference; lastKnownFileType = sourcecode.swift; path = SellerShopViewController.swift; sourceTree = "<group>"; };
		5C3F087320B67372003AC6FB /* SellerAddDishViewController.swift */ = {isa = PBXFileReference; lastKnownFileType = sourcecode.swift; path = SellerAddDishViewController.swift; sourceTree = "<group>"; };
		5CBFBBE920BDE9F100D2BF99 /* SellerHome.storyboard */ = {isa = PBXFileReference; fileEncoding = 4; lastKnownFileType = file.storyboard; path = SellerHome.storyboard; sourceTree = "<group>"; };
		7E6E98B515296AD141F7C622 /* Pods_iCookUITests.framework */ = {isa = PBXFileReference; explicitFileType = wrapper.framework; includeInIndex = 0; path = Pods_iCookUITests.framework; sourceTree = BUILT_PRODUCTS_DIR; };
		8390C268DA59BFBEC5DA2471 /* Pods-iCookUITests.release.xcconfig */ = {isa = PBXFileReference; includeInIndex = 1; lastKnownFileType = text.xcconfig; name = "Pods-iCookUITests.release.xcconfig"; path = "Pods/Target Support Files/Pods-iCookUITests/Pods-iCookUITests.release.xcconfig"; sourceTree = "<group>"; };
		CEC213F9AC56CE35C1B5E596 /* Pods_iCookTests.framework */ = {isa = PBXFileReference; explicitFileType = wrapper.framework; includeInIndex = 0; path = Pods_iCookTests.framework; sourceTree = BUILT_PRODUCTS_DIR; };
		D840F3AD126905F1407E70A8 /* Pods-iCook.release.xcconfig */ = {isa = PBXFileReference; includeInIndex = 1; lastKnownFileType = text.xcconfig; name = "Pods-iCook.release.xcconfig"; path = "Pods/Target Support Files/Pods-iCook/Pods-iCook.release.xcconfig"; sourceTree = "<group>"; };
		DCB477C94DEE52EAE99ECFF3 /* Pods-iCookTests.debug.xcconfig */ = {isa = PBXFileReference; includeInIndex = 1; lastKnownFileType = text.xcconfig; name = "Pods-iCookTests.debug.xcconfig"; path = "Pods/Target Support Files/Pods-iCookTests/Pods-iCookTests.debug.xcconfig"; sourceTree = "<group>"; };
		FB37978E8205E973EEFE3600 /* Pods-iCookUITests.debug.xcconfig */ = {isa = PBXFileReference; includeInIndex = 1; lastKnownFileType = text.xcconfig; name = "Pods-iCookUITests.debug.xcconfig"; path = "Pods/Target Support Files/Pods-iCookUITests/Pods-iCookUITests.debug.xcconfig"; sourceTree = "<group>"; };
		FDCCC8D87278434D9FB3F546 /* Pods_iCook.framework */ = {isa = PBXFileReference; explicitFileType = wrapper.framework; includeInIndex = 0; path = Pods_iCook.framework; sourceTree = BUILT_PRODUCTS_DIR; };
/* End PBXFileReference section */

/* Begin PBXFrameworksBuildPhase section */
		5C3F083A20B61F4B003AC6FB /* Frameworks */ = {
			isa = PBXFrameworksBuildPhase;
			buildActionMask = 2147483647;
			files = (
				64BDAC5A09FCC24B81F75584 /* Pods_iCook.framework in Frameworks */,
			);
			runOnlyForDeploymentPostprocessing = 0;
		};
		5C3F084E20B61F4B003AC6FB /* Frameworks */ = {
			isa = PBXFrameworksBuildPhase;
			buildActionMask = 2147483647;
			files = (
				711820D9357F60C9EB4985B9 /* Pods_iCookTests.framework in Frameworks */,
			);
			runOnlyForDeploymentPostprocessing = 0;
		};
		5C3F085920B61F4B003AC6FB /* Frameworks */ = {
			isa = PBXFrameworksBuildPhase;
			buildActionMask = 2147483647;
			files = (
				E75EEB462B75A84AE17F82DF /* Pods_iCookUITests.framework in Frameworks */,
			);
			runOnlyForDeploymentPostprocessing = 0;
		};
/* End PBXFrameworksBuildPhase section */

/* Begin PBXGroup section */
		2962C34D3B3E01DC965B6C72 /* Pods */ = {
			isa = PBXGroup;
			children = (
				31555FEFAF395A1530002445 /* Pods-iCook.debug.xcconfig */,
				D840F3AD126905F1407E70A8 /* Pods-iCook.release.xcconfig */,
				DCB477C94DEE52EAE99ECFF3 /* Pods-iCookTests.debug.xcconfig */,
				0A28D914B9C36AD28B1E8686 /* Pods-iCookTests.release.xcconfig */,
				FB37978E8205E973EEFE3600 /* Pods-iCookUITests.debug.xcconfig */,
				8390C268DA59BFBEC5DA2471 /* Pods-iCookUITests.release.xcconfig */,
			);
			name = Pods;
			sourceTree = "<group>";
		};
		2C7E205120BDC254009457AB /* Common */ = {
			isa = PBXGroup;
			children = (
				2C7E205820BDC293009457AB /* Constants.swift */,
				2C7E205D20BDC5FB009457AB /* UIApplication+Extension.swift */,
				2C7E205420BDC254009457AB /* Util.swift */,
				2C7E205220BDC254009457AB /* Util+Storyboard.swift */,
				2C7E205320BDC254009457AB /* Util+UIAlertController.swift */,
				2C7E205A20BDC2E6009457AB /* Util+UserDefaults.swift */,
				2C7E206820BDF1C9009457AB /* UITableView+Extensions.swift */,
				5C34BD6F20BE61C400AE6A72 /* ScrollView+Extension.swift */,
			);
			path = Common;
			sourceTree = "<group>";
		};
		5C34BD6720BE568A00AE6A72 /* Authentication */ = {
			isa = PBXGroup;
			children = (
				5C34BD6C20BE5D7100AE6A72 /* SignupHelper */,
				5C3F084220B61F4B003AC6FB /* LoginViewController.swift */,
				5C34BD6A20BE571600AE6A72 /* SignUpViewController.swift */,
			);
			path = Authentication;
			sourceTree = "<group>";
		};
		5C34BD6C20BE5D7100AE6A72 /* SignupHelper */ = {
			isa = PBXGroup;
			children = (
				5C34BD6D20BE5DA500AE6A72 /* SignUpHelper.swift */,
			);
			path = SignupHelper;
			sourceTree = "<group>";
		};
		5C3F083420B61F4B003AC6FB = {
			isa = PBXGroup;
			children = (
				5C3F083F20B61F4B003AC6FB /* iCook */,
				5C3F085420B61F4B003AC6FB /* iCookTests */,
				5C3F085F20B61F4B003AC6FB /* iCookUITests */,
				5C3F083E20B61F4B003AC6FB /* Products */,
				2962C34D3B3E01DC965B6C72 /* Pods */,
				644B1EF7C597B3DE153C5840 /* Frameworks */,
			);
			sourceTree = "<group>";
		};
		5C3F083E20B61F4B003AC6FB /* Products */ = {
			isa = PBXGroup;
			children = (
				5C3F083D20B61F4B003AC6FB /* iCook.app */,
				5C3F085120B61F4B003AC6FB /* iCookTests.xctest */,
				5C3F085C20B61F4B003AC6FB /* iCookUITests.xctest */,
			);
			name = Products;
			sourceTree = "<group>";
		};
		5C3F083F20B61F4B003AC6FB /* iCook */ = {
			isa = PBXGroup;
			children = (
				5C34BD6720BE568A00AE6A72 /* Authentication */,
				5C3F086E20B621AA003AC6FB /* Seller */,
				5C3F084020B61F4B003AC6FB /* AppDelegate.swift */,
				2C7E205120BDC254009457AB /* Common */,
				5C3F084420B61F4B003AC6FB /* Main.storyboard */,
				2C7E206020BDC7E8009457AB /* Kitchen.storyboard */,
				2C7E206420BDC948009457AB /* AddDish.storyboard */,
				5CBFBBE920BDE9F100D2BF99 /* SellerHome.storyboard */,
				5C3F084720B61F4B003AC6FB /* Assets.xcassets */,
				5C3F084920B61F4B003AC6FB /* LaunchScreen.storyboard */,
				5C3F084C20B61F4B003AC6FB /* Info.plist */,
				2C7E204D20BDBEC1009457AB /* GoogleService-Info.plist */,
			);
			path = iCook;
			sourceTree = "<group>";
		};
		5C3F085420B61F4B003AC6FB /* iCookTests */ = {
			isa = PBXGroup;
			children = (
				5C3F085520B61F4B003AC6FB /* iCookTests.swift */,
				5C3F085720B61F4B003AC6FB /* Info.plist */,
			);
			path = iCookTests;
			sourceTree = "<group>";
		};
		5C3F085F20B61F4B003AC6FB /* iCookUITests */ = {
			isa = PBXGroup;
			children = (
				5C3F086020B61F4B003AC6FB /* iCookUITests.swift */,
				5C3F086220B61F4B003AC6FB /* Info.plist */,
			);
			path = iCookUITests;
			sourceTree = "<group>";
		};
		5C3F086E20B621AA003AC6FB /* Seller */ = {
			isa = PBXGroup;
			children = (
				5C3F086F20B621CF003AC6FB /* SellerHomeViewController.swift */,
				2C7E206620BDF135009457AB /* SellerHomeViewController+TableView.swift */,
				2C7E206A20BDF1E6009457AB /* DishTableViewCell.swift */,
				2C7E206B20BDF1E6009457AB /* DishTableViewCell.xib */,
				5C3F087120B64023003AC6FB /* SellerShopViewController.swift */,
				5C3F087320B67372003AC6FB /* SellerAddDishViewController.swift */,
			);
			path = Seller;
			sourceTree = "<group>";
		};
		644B1EF7C597B3DE153C5840 /* Frameworks */ = {
			isa = PBXGroup;
			children = (
				FDCCC8D87278434D9FB3F546 /* Pods_iCook.framework */,
				CEC213F9AC56CE35C1B5E596 /* Pods_iCookTests.framework */,
				7E6E98B515296AD141F7C622 /* Pods_iCookUITests.framework */,
			);
			name = Frameworks;
			sourceTree = "<group>";
		};
/* End PBXGroup section */

/* Begin PBXNativeTarget section */
		5C3F083C20B61F4B003AC6FB /* iCook */ = {
			isa = PBXNativeTarget;
			buildConfigurationList = 5C3F086520B61F4B003AC6FB /* Build configuration list for PBXNativeTarget "iCook" */;
			buildPhases = (
				F23653AA257BCAD1F5C9D46D /* [CP] Check Pods Manifest.lock */,
				5C3F083920B61F4B003AC6FB /* Sources */,
				5C3F083A20B61F4B003AC6FB /* Frameworks */,
				5C3F083B20B61F4B003AC6FB /* Resources */,
				A435C247993907D74D7988BC /* [CP] Embed Pods Frameworks */,
			);
			buildRules = (
			);
			dependencies = (
			);
			name = iCook;
			productName = iCook;
			productReference = 5C3F083D20B61F4B003AC6FB /* iCook.app */;
			productType = "com.apple.product-type.application";
		};
		5C3F085020B61F4B003AC6FB /* iCookTests */ = {
			isa = PBXNativeTarget;
			buildConfigurationList = 5C3F086820B61F4B003AC6FB /* Build configuration list for PBXNativeTarget "iCookTests" */;
			buildPhases = (
				6F7DDE630612FEA56E86EF30 /* [CP] Check Pods Manifest.lock */,
				5C3F084D20B61F4B003AC6FB /* Sources */,
				5C3F084E20B61F4B003AC6FB /* Frameworks */,
				5C3F084F20B61F4B003AC6FB /* Resources */,
			);
			buildRules = (
			);
			dependencies = (
				5C3F085320B61F4B003AC6FB /* PBXTargetDependency */,
			);
			name = iCookTests;
			productName = iCookTests;
			productReference = 5C3F085120B61F4B003AC6FB /* iCookTests.xctest */;
			productType = "com.apple.product-type.bundle.unit-test";
		};
		5C3F085B20B61F4B003AC6FB /* iCookUITests */ = {
			isa = PBXNativeTarget;
			buildConfigurationList = 5C3F086B20B61F4B003AC6FB /* Build configuration list for PBXNativeTarget "iCookUITests" */;
			buildPhases = (
				998D1F5701AF9A0EE541A8F5 /* [CP] Check Pods Manifest.lock */,
				5C3F085820B61F4B003AC6FB /* Sources */,
				5C3F085920B61F4B003AC6FB /* Frameworks */,
				5C3F085A20B61F4B003AC6FB /* Resources */,
			);
			buildRules = (
			);
			dependencies = (
				5C3F085E20B61F4B003AC6FB /* PBXTargetDependency */,
			);
			name = iCookUITests;
			productName = iCookUITests;
			productReference = 5C3F085C20B61F4B003AC6FB /* iCookUITests.xctest */;
			productType = "com.apple.product-type.bundle.ui-testing";
		};
/* End PBXNativeTarget section */

/* Begin PBXProject section */
		5C3F083520B61F4B003AC6FB /* Project object */ = {
			isa = PBXProject;
			attributes = {
				LastSwiftUpdateCheck = 0920;
				LastUpgradeCheck = 0920;
				ORGANIZATIONNAME = "Sharat Robin Reddy Guduru";
				TargetAttributes = {
					5C3F083C20B61F4B003AC6FB = {
						CreatedOnToolsVersion = 9.2;
						ProvisioningStyle = Automatic;
					};
					5C3F085020B61F4B003AC6FB = {
						CreatedOnToolsVersion = 9.2;
						ProvisioningStyle = Automatic;
						TestTargetID = 5C3F083C20B61F4B003AC6FB;
					};
					5C3F085B20B61F4B003AC6FB = {
						CreatedOnToolsVersion = 9.2;
						ProvisioningStyle = Automatic;
						TestTargetID = 5C3F083C20B61F4B003AC6FB;
					};
				};
			};
			buildConfigurationList = 5C3F083820B61F4B003AC6FB /* Build configuration list for PBXProject "iCook" */;
			compatibilityVersion = "Xcode 8.0";
			developmentRegion = en;
			hasScannedForEncodings = 0;
			knownRegions = (
				en,
				Base,
			);
			mainGroup = 5C3F083420B61F4B003AC6FB;
			productRefGroup = 5C3F083E20B61F4B003AC6FB /* Products */;
			projectDirPath = "";
			projectRoot = "";
			targets = (
				5C3F083C20B61F4B003AC6FB /* iCook */,
				5C3F085020B61F4B003AC6FB /* iCookTests */,
				5C3F085B20B61F4B003AC6FB /* iCookUITests */,
			);
		};
/* End PBXProject section */

/* Begin PBXResourcesBuildPhase section */
		5C3F083B20B61F4B003AC6FB /* Resources */ = {
			isa = PBXResourcesBuildPhase;
			buildActionMask = 2147483647;
			files = (
				5C3F084B20B61F4B003AC6FB /* LaunchScreen.storyboard in Resources */,
				2C7E206D20BDF1E6009457AB /* DishTableViewCell.xib in Resources */,
				5CBFBBEA20BDE9F100D2BF99 /* SellerHome.storyboard in Resources */,
				2C7E206120BDC7E8009457AB /* Kitchen.storyboard in Resources */,
				2C7E206520BDC948009457AB /* AddDish.storyboard in Resources */,
				2C7E204E20BDBEC1009457AB /* GoogleService-Info.plist in Resources */,
				5C3F084820B61F4B003AC6FB /* Assets.xcassets in Resources */,
				5C3F084620B61F4B003AC6FB /* Main.storyboard in Resources */,
			);
			runOnlyForDeploymentPostprocessing = 0;
		};
		5C3F084F20B61F4B003AC6FB /* Resources */ = {
			isa = PBXResourcesBuildPhase;
			buildActionMask = 2147483647;
			files = (
			);
			runOnlyForDeploymentPostprocessing = 0;
		};
		5C3F085A20B61F4B003AC6FB /* Resources */ = {
			isa = PBXResourcesBuildPhase;
			buildActionMask = 2147483647;
			files = (
			);
			runOnlyForDeploymentPostprocessing = 0;
		};
/* End PBXResourcesBuildPhase section */

/* Begin PBXShellScriptBuildPhase section */
		6F7DDE630612FEA56E86EF30 /* [CP] Check Pods Manifest.lock */ = {
			isa = PBXShellScriptBuildPhase;
			buildActionMask = 2147483647;
			files = (
			);
			inputPaths = (
				"${PODS_PODFILE_DIR_PATH}/Podfile.lock",
				"${PODS_ROOT}/Manifest.lock",
			);
			name = "[CP] Check Pods Manifest.lock";
			outputPaths = (
				"$(DERIVED_FILE_DIR)/Pods-iCookTests-checkManifestLockResult.txt",
			);
			runOnlyForDeploymentPostprocessing = 0;
			shellPath = /bin/sh;
			shellScript = "diff \"${PODS_PODFILE_DIR_PATH}/Podfile.lock\" \"${PODS_ROOT}/Manifest.lock\" > /dev/null\nif [ $? != 0 ] ; then\n    # print error to STDERR\n    echo \"error: The sandbox is not in sync with the Podfile.lock. Run 'pod install' or update your CocoaPods installation.\" >&2\n    exit 1\nfi\n# This output is used by Xcode 'outputs' to avoid re-running this script phase.\necho \"SUCCESS\" > \"${SCRIPT_OUTPUT_FILE_0}\"\n";
			showEnvVarsInLog = 0;
		};
		998D1F5701AF9A0EE541A8F5 /* [CP] Check Pods Manifest.lock */ = {
			isa = PBXShellScriptBuildPhase;
			buildActionMask = 2147483647;
			files = (
			);
			inputPaths = (
				"${PODS_PODFILE_DIR_PATH}/Podfile.lock",
				"${PODS_ROOT}/Manifest.lock",
			);
			name = "[CP] Check Pods Manifest.lock";
			outputPaths = (
				"$(DERIVED_FILE_DIR)/Pods-iCookUITests-checkManifestLockResult.txt",
			);
			runOnlyForDeploymentPostprocessing = 0;
			shellPath = /bin/sh;
			shellScript = "diff \"${PODS_PODFILE_DIR_PATH}/Podfile.lock\" \"${PODS_ROOT}/Manifest.lock\" > /dev/null\nif [ $? != 0 ] ; then\n    # print error to STDERR\n    echo \"error: The sandbox is not in sync with the Podfile.lock. Run 'pod install' or update your CocoaPods installation.\" >&2\n    exit 1\nfi\n# This output is used by Xcode 'outputs' to avoid re-running this script phase.\necho \"SUCCESS\" > \"${SCRIPT_OUTPUT_FILE_0}\"\n";
			showEnvVarsInLog = 0;
		};
		A435C247993907D74D7988BC /* [CP] Embed Pods Frameworks */ = {
			isa = PBXShellScriptBuildPhase;
			buildActionMask = 2147483647;
			files = (
			);
			inputPaths = (
				"${SRCROOT}/Pods/Target Support Files/Pods-iCook/Pods-iCook-frameworks.sh",
				"${BUILT_PRODUCTS_DIR}/GTMSessionFetcher/GTMSessionFetcher.framework",
				"${BUILT_PRODUCTS_DIR}/GoogleToolboxForMac/GoogleToolboxForMac.framework",
				"${BUILT_PRODUCTS_DIR}/leveldb-library/leveldb.framework",
				"${BUILT_PRODUCTS_DIR}/nanopb/nanopb.framework",
			);
			name = "[CP] Embed Pods Frameworks";
			outputPaths = (
				"${TARGET_BUILD_DIR}/${FRAMEWORKS_FOLDER_PATH}/GTMSessionFetcher.framework",
				"${TARGET_BUILD_DIR}/${FRAMEWORKS_FOLDER_PATH}/GoogleToolboxForMac.framework",
				"${TARGET_BUILD_DIR}/${FRAMEWORKS_FOLDER_PATH}/leveldb.framework",
				"${TARGET_BUILD_DIR}/${FRAMEWORKS_FOLDER_PATH}/nanopb.framework",
			);
			runOnlyForDeploymentPostprocessing = 0;
			shellPath = /bin/sh;
			shellScript = "\"${SRCROOT}/Pods/Target Support Files/Pods-iCook/Pods-iCook-frameworks.sh\"\n";
			showEnvVarsInLog = 0;
		};
		F23653AA257BCAD1F5C9D46D /* [CP] Check Pods Manifest.lock */ = {
			isa = PBXShellScriptBuildPhase;
			buildActionMask = 2147483647;
			files = (
			);
			inputPaths = (
				"${PODS_PODFILE_DIR_PATH}/Podfile.lock",
				"${PODS_ROOT}/Manifest.lock",
			);
			name = "[CP] Check Pods Manifest.lock";
			outputPaths = (
				"$(DERIVED_FILE_DIR)/Pods-iCook-checkManifestLockResult.txt",
			);
			runOnlyForDeploymentPostprocessing = 0;
			shellPath = /bin/sh;
			shellScript = "diff \"${PODS_PODFILE_DIR_PATH}/Podfile.lock\" \"${PODS_ROOT}/Manifest.lock\" > /dev/null\nif [ $? != 0 ] ; then\n    # print error to STDERR\n    echo \"error: The sandbox is not in sync with the Podfile.lock. Run 'pod install' or update your CocoaPods installation.\" >&2\n    exit 1\nfi\n# This output is used by Xcode 'outputs' to avoid re-running this script phase.\necho \"SUCCESS\" > \"${SCRIPT_OUTPUT_FILE_0}\"\n";
			showEnvVarsInLog = 0;
		};
/* End PBXShellScriptBuildPhase section */

/* Begin PBXSourcesBuildPhase section */
		5C3F083920B61F4B003AC6FB /* Sources */ = {
			isa = PBXSourcesBuildPhase;
			buildActionMask = 2147483647;
			files = (
				5C3F084320B61F4B003AC6FB /* LoginViewController.swift in Sources */,
				5C3F087220B64023003AC6FB /* SellerShopViewController.swift in Sources */,
				5C34BD6E20BE5DA500AE6A72 /* SignUpHelper.swift in Sources */,
				2C7E205520BDC254009457AB /* Util+Storyboard.swift in Sources */,
				2C7E205720BDC254009457AB /* Util.swift in Sources */,
				2C7E205B20BDC2E6009457AB /* Util+UserDefaults.swift in Sources */,
				2C7E205620BDC254009457AB /* Util+UIAlertController.swift in Sources */,
				5C34BD7020BE61C400AE6A72 /* ScrollView+Extension.swift in Sources */,
				5C3F087020B621CF003AC6FB /* SellerHomeViewController.swift in Sources */,
				2C7E206C20BDF1E6009457AB /* DishTableViewCell.swift in Sources */,
				5C3F087420B67372003AC6FB /* SellerAddDishViewController.swift in Sources */,
				2C7E206920BDF1C9009457AB /* UITableView+Extensions.swift in Sources */,
				2C7E206720BDF135009457AB /* SellerHomeViewController+TableView.swift in Sources */,
				2C7E205E20BDC5FC009457AB /* UIApplication+Extension.swift in Sources */,
				5C3F084120B61F4B003AC6FB /* AppDelegate.swift in Sources */,
				5C34BD6B20BE571600AE6A72 /* SignUpViewController.swift in Sources */,
				2C7E205920BDC294009457AB /* Constants.swift in Sources */,
			);
			runOnlyForDeploymentPostprocessing = 0;
		};
		5C3F084D20B61F4B003AC6FB /* Sources */ = {
			isa = PBXSourcesBuildPhase;
			buildActionMask = 2147483647;
			files = (
				5C3F085620B61F4B003AC6FB /* iCookTests.swift in Sources */,
			);
			runOnlyForDeploymentPostprocessing = 0;
		};
		5C3F085820B61F4B003AC6FB /* Sources */ = {
			isa = PBXSourcesBuildPhase;
			buildActionMask = 2147483647;
			files = (
				5C3F086120B61F4B003AC6FB /* iCookUITests.swift in Sources */,
			);
			runOnlyForDeploymentPostprocessing = 0;
		};
/* End PBXSourcesBuildPhase section */

/* Begin PBXTargetDependency section */
		5C3F085320B61F4B003AC6FB /* PBXTargetDependency */ = {
			isa = PBXTargetDependency;
			target = 5C3F083C20B61F4B003AC6FB /* iCook */;
			targetProxy = 5C3F085220B61F4B003AC6FB /* PBXContainerItemProxy */;
		};
		5C3F085E20B61F4B003AC6FB /* PBXTargetDependency */ = {
			isa = PBXTargetDependency;
			target = 5C3F083C20B61F4B003AC6FB /* iCook */;
			targetProxy = 5C3F085D20B61F4B003AC6FB /* PBXContainerItemProxy */;
		};
/* End PBXTargetDependency section */

/* Begin PBXVariantGroup section */
		5C3F084420B61F4B003AC6FB /* Main.storyboard */ = {
			isa = PBXVariantGroup;
			children = (
				5C3F084520B61F4B003AC6FB /* Base */,
			);
			name = Main.storyboard;
			sourceTree = "<group>";
		};
		5C3F084920B61F4B003AC6FB /* LaunchScreen.storyboard */ = {
			isa = PBXVariantGroup;
			children = (
				5C3F084A20B61F4B003AC6FB /* Base */,
			);
			name = LaunchScreen.storyboard;
			sourceTree = "<group>";
		};
/* End PBXVariantGroup section */

/* Begin XCBuildConfiguration section */
		5C3F086320B61F4B003AC6FB /* Debug */ = {
			isa = XCBuildConfiguration;
			buildSettings = {
				ALWAYS_SEARCH_USER_PATHS = NO;
				CLANG_ANALYZER_NONNULL = YES;
				CLANG_ANALYZER_NUMBER_OBJECT_CONVERSION = YES_AGGRESSIVE;
				CLANG_CXX_LANGUAGE_STANDARD = "gnu++14";
				CLANG_CXX_LIBRARY = "libc++";
				CLANG_ENABLE_MODULES = YES;
				CLANG_ENABLE_OBJC_ARC = YES;
				CLANG_WARN_BLOCK_CAPTURE_AUTORELEASING = YES;
				CLANG_WARN_BOOL_CONVERSION = YES;
				CLANG_WARN_COMMA = YES;
				CLANG_WARN_CONSTANT_CONVERSION = YES;
				CLANG_WARN_DIRECT_OBJC_ISA_USAGE = YES_ERROR;
				CLANG_WARN_DOCUMENTATION_COMMENTS = YES;
				CLANG_WARN_EMPTY_BODY = YES;
				CLANG_WARN_ENUM_CONVERSION = YES;
				CLANG_WARN_INFINITE_RECURSION = YES;
				CLANG_WARN_INT_CONVERSION = YES;
				CLANG_WARN_NON_LITERAL_NULL_CONVERSION = YES;
				CLANG_WARN_OBJC_LITERAL_CONVERSION = YES;
				CLANG_WARN_OBJC_ROOT_CLASS = YES_ERROR;
				CLANG_WARN_RANGE_LOOP_ANALYSIS = YES;
				CLANG_WARN_STRICT_PROTOTYPES = YES;
				CLANG_WARN_SUSPICIOUS_MOVE = YES;
				CLANG_WARN_UNGUARDED_AVAILABILITY = YES_AGGRESSIVE;
				CLANG_WARN_UNREACHABLE_CODE = YES;
				CLANG_WARN__DUPLICATE_METHOD_MATCH = YES;
				CODE_SIGN_IDENTITY = "iPhone Developer";
				COPY_PHASE_STRIP = NO;
				DEBUG_INFORMATION_FORMAT = dwarf;
				ENABLE_STRICT_OBJC_MSGSEND = YES;
				ENABLE_TESTABILITY = YES;
				GCC_C_LANGUAGE_STANDARD = gnu11;
				GCC_DYNAMIC_NO_PIC = NO;
				GCC_NO_COMMON_BLOCKS = YES;
				GCC_OPTIMIZATION_LEVEL = 0;
				GCC_PREPROCESSOR_DEFINITIONS = (
					"DEBUG=1",
					"$(inherited)",
				);
				GCC_WARN_64_TO_32_BIT_CONVERSION = YES;
				GCC_WARN_ABOUT_RETURN_TYPE = YES_ERROR;
				GCC_WARN_UNDECLARED_SELECTOR = YES;
				GCC_WARN_UNINITIALIZED_AUTOS = YES_AGGRESSIVE;
				GCC_WARN_UNUSED_FUNCTION = YES;
				GCC_WARN_UNUSED_VARIABLE = YES;
				IPHONEOS_DEPLOYMENT_TARGET = 11.2;
				MTL_ENABLE_DEBUG_INFO = YES;
				ONLY_ACTIVE_ARCH = YES;
				SDKROOT = iphoneos;
				SWIFT_ACTIVE_COMPILATION_CONDITIONS = DEBUG;
				SWIFT_OPTIMIZATION_LEVEL = "-Onone";
			};
			name = Debug;
		};
		5C3F086420B61F4B003AC6FB /* Release */ = {
			isa = XCBuildConfiguration;
			buildSettings = {
				ALWAYS_SEARCH_USER_PATHS = NO;
				CLANG_ANALYZER_NONNULL = YES;
				CLANG_ANALYZER_NUMBER_OBJECT_CONVERSION = YES_AGGRESSIVE;
				CLANG_CXX_LANGUAGE_STANDARD = "gnu++14";
				CLANG_CXX_LIBRARY = "libc++";
				CLANG_ENABLE_MODULES = YES;
				CLANG_ENABLE_OBJC_ARC = YES;
				CLANG_WARN_BLOCK_CAPTURE_AUTORELEASING = YES;
				CLANG_WARN_BOOL_CONVERSION = YES;
				CLANG_WARN_COMMA = YES;
				CLANG_WARN_CONSTANT_CONVERSION = YES;
				CLANG_WARN_DIRECT_OBJC_ISA_USAGE = YES_ERROR;
				CLANG_WARN_DOCUMENTATION_COMMENTS = YES;
				CLANG_WARN_EMPTY_BODY = YES;
				CLANG_WARN_ENUM_CONVERSION = YES;
				CLANG_WARN_INFINITE_RECURSION = YES;
				CLANG_WARN_INT_CONVERSION = YES;
				CLANG_WARN_NON_LITERAL_NULL_CONVERSION = YES;
				CLANG_WARN_OBJC_LITERAL_CONVERSION = YES;
				CLANG_WARN_OBJC_ROOT_CLASS = YES_ERROR;
				CLANG_WARN_RANGE_LOOP_ANALYSIS = YES;
				CLANG_WARN_STRICT_PROTOTYPES = YES;
				CLANG_WARN_SUSPICIOUS_MOVE = YES;
				CLANG_WARN_UNGUARDED_AVAILABILITY = YES_AGGRESSIVE;
				CLANG_WARN_UNREACHABLE_CODE = YES;
				CLANG_WARN__DUPLICATE_METHOD_MATCH = YES;
				CODE_SIGN_IDENTITY = "iPhone Developer";
				COPY_PHASE_STRIP = NO;
				DEBUG_INFORMATION_FORMAT = "dwarf-with-dsym";
				ENABLE_NS_ASSERTIONS = NO;
				ENABLE_STRICT_OBJC_MSGSEND = YES;
				GCC_C_LANGUAGE_STANDARD = gnu11;
				GCC_NO_COMMON_BLOCKS = YES;
				GCC_WARN_64_TO_32_BIT_CONVERSION = YES;
				GCC_WARN_ABOUT_RETURN_TYPE = YES_ERROR;
				GCC_WARN_UNDECLARED_SELECTOR = YES;
				GCC_WARN_UNINITIALIZED_AUTOS = YES_AGGRESSIVE;
				GCC_WARN_UNUSED_FUNCTION = YES;
				GCC_WARN_UNUSED_VARIABLE = YES;
				IPHONEOS_DEPLOYMENT_TARGET = 11.2;
				MTL_ENABLE_DEBUG_INFO = NO;
				SDKROOT = iphoneos;
				SWIFT_OPTIMIZATION_LEVEL = "-Owholemodule";
				VALIDATE_PRODUCT = YES;
			};
			name = Release;
		};
		5C3F086620B61F4B003AC6FB /* Debug */ = {
			isa = XCBuildConfiguration;
			baseConfigurationReference = 31555FEFAF395A1530002445 /* Pods-iCook.debug.xcconfig */;
			buildSettings = {
				ASSETCATALOG_COMPILER_APPICON_NAME = AppIcon;
				CODE_SIGN_STYLE = Automatic;
				INFOPLIST_FILE = iCook/Info.plist;
				LD_RUNPATH_SEARCH_PATHS = "$(inherited) @executable_path/Frameworks";
				PRODUCT_BUNDLE_IDENTIFIER = com.developers.iCook;
				PRODUCT_NAME = "$(TARGET_NAME)";
				SWIFT_VERSION = 4.0;
				TARGETED_DEVICE_FAMILY = "1,2";
			};
			name = Debug;
		};
		5C3F086720B61F4B003AC6FB /* Release */ = {
			isa = XCBuildConfiguration;
			baseConfigurationReference = D840F3AD126905F1407E70A8 /* Pods-iCook.release.xcconfig */;
			buildSettings = {
				ASSETCATALOG_COMPILER_APPICON_NAME = AppIcon;
				CODE_SIGN_STYLE = Automatic;
				INFOPLIST_FILE = iCook/Info.plist;
				LD_RUNPATH_SEARCH_PATHS = "$(inherited) @executable_path/Frameworks";
				PRODUCT_BUNDLE_IDENTIFIER = com.developers.iCook;
				PRODUCT_NAME = "$(TARGET_NAME)";
				SWIFT_VERSION = 4.0;
				TARGETED_DEVICE_FAMILY = "1,2";
			};
			name = Release;
		};
		5C3F086920B61F4B003AC6FB /* Debug */ = {
			isa = XCBuildConfiguration;
			baseConfigurationReference = DCB477C94DEE52EAE99ECFF3 /* Pods-iCookTests.debug.xcconfig */;
			buildSettings = {
				ALWAYS_EMBED_SWIFT_STANDARD_LIBRARIES = YES;
				BUNDLE_LOADER = "$(TEST_HOST)";
				CODE_SIGN_STYLE = Automatic;
				INFOPLIST_FILE = iCookTests/Info.plist;
				LD_RUNPATH_SEARCH_PATHS = "$(inherited) @executable_path/Frameworks @loader_path/Frameworks";
				PRODUCT_BUNDLE_IDENTIFIER = com.developers.iCookTests;
				PRODUCT_NAME = "$(TARGET_NAME)";
				SWIFT_VERSION = 4.0;
				TARGETED_DEVICE_FAMILY = "1,2";
				TEST_HOST = "$(BUILT_PRODUCTS_DIR)/iCook.app/iCook";
			};
			name = Debug;
		};
		5C3F086A20B61F4B003AC6FB /* Release */ = {
			isa = XCBuildConfiguration;
			baseConfigurationReference = 0A28D914B9C36AD28B1E8686 /* Pods-iCookTests.release.xcconfig */;
			buildSettings = {
				ALWAYS_EMBED_SWIFT_STANDARD_LIBRARIES = YES;
				BUNDLE_LOADER = "$(TEST_HOST)";
				CODE_SIGN_STYLE = Automatic;
				INFOPLIST_FILE = iCookTests/Info.plist;
				LD_RUNPATH_SEARCH_PATHS = "$(inherited) @executable_path/Frameworks @loader_path/Frameworks";
				PRODUCT_BUNDLE_IDENTIFIER = com.developers.iCookTests;
				PRODUCT_NAME = "$(TARGET_NAME)";
				SWIFT_VERSION = 4.0;
				TARGETED_DEVICE_FAMILY = "1,2";
				TEST_HOST = "$(BUILT_PRODUCTS_DIR)/iCook.app/iCook";
			};
			name = Release;
		};
		5C3F086C20B61F4B003AC6FB /* Debug */ = {
			isa = XCBuildConfiguration;
			baseConfigurationReference = FB37978E8205E973EEFE3600 /* Pods-iCookUITests.debug.xcconfig */;
			buildSettings = {
				ALWAYS_EMBED_SWIFT_STANDARD_LIBRARIES = YES;
				CODE_SIGN_STYLE = Automatic;
				INFOPLIST_FILE = iCookUITests/Info.plist;
				LD_RUNPATH_SEARCH_PATHS = "$(inherited) @executable_path/Frameworks @loader_path/Frameworks";
				PRODUCT_BUNDLE_IDENTIFIER = com.developers.iCookUITests;
				PRODUCT_NAME = "$(TARGET_NAME)";
				SWIFT_VERSION = 4.0;
				TARGETED_DEVICE_FAMILY = "1,2";
				TEST_TARGET_NAME = iCook;
			};
			name = Debug;
		};
		5C3F086D20B61F4B003AC6FB /* Release */ = {
			isa = XCBuildConfiguration;
			baseConfigurationReference = 8390C268DA59BFBEC5DA2471 /* Pods-iCookUITests.release.xcconfig */;
			buildSettings = {
				ALWAYS_EMBED_SWIFT_STANDARD_LIBRARIES = YES;
				CODE_SIGN_STYLE = Automatic;
				INFOPLIST_FILE = iCookUITests/Info.plist;
				LD_RUNPATH_SEARCH_PATHS = "$(inherited) @executable_path/Frameworks @loader_path/Frameworks";
				PRODUCT_BUNDLE_IDENTIFIER = com.developers.iCookUITests;
				PRODUCT_NAME = "$(TARGET_NAME)";
				SWIFT_VERSION = 4.0;
				TARGETED_DEVICE_FAMILY = "1,2";
				TEST_TARGET_NAME = iCook;
			};
			name = Release;
		};
/* End XCBuildConfiguration section */

/* Begin XCConfigurationList section */
		5C3F083820B61F4B003AC6FB /* Build configuration list for PBXProject "iCook" */ = {
			isa = XCConfigurationList;
			buildConfigurations = (
				5C3F086320B61F4B003AC6FB /* Debug */,
				5C3F086420B61F4B003AC6FB /* Release */,
			);
			defaultConfigurationIsVisible = 0;
			defaultConfigurationName = Release;
		};
		5C3F086520B61F4B003AC6FB /* Build configuration list for PBXNativeTarget "iCook" */ = {
			isa = XCConfigurationList;
			buildConfigurations = (
				5C3F086620B61F4B003AC6FB /* Debug */,
				5C3F086720B61F4B003AC6FB /* Release */,
			);
			defaultConfigurationIsVisible = 0;
			defaultConfigurationName = Release;
		};
		5C3F086820B61F4B003AC6FB /* Build configuration list for PBXNativeTarget "iCookTests" */ = {
			isa = XCConfigurationList;
			buildConfigurations = (
				5C3F086920B61F4B003AC6FB /* Debug */,
				5C3F086A20B61F4B003AC6FB /* Release */,
			);
			defaultConfigurationIsVisible = 0;
			defaultConfigurationName = Release;
		};
		5C3F086B20B61F4B003AC6FB /* Build configuration list for PBXNativeTarget "iCookUITests" */ = {
			isa = XCConfigurationList;
			buildConfigurations = (
				5C3F086C20B61F4B003AC6FB /* Debug */,
				5C3F086D20B61F4B003AC6FB /* Release */,
			);
			defaultConfigurationIsVisible = 0;
			defaultConfigurationName = Release;
		};
/* End XCConfigurationList section */
	};
	rootObject = 5C3F083520B61F4B003AC6FB /* Project object */;
}
